
Microsoft Visual Studio Solution File, Format Version 12.00
# Visual Studio Version 16
VisualStudioVersion = 16.0.32228.343
MinimumVisualStudioVersion = 10.0.40219.1
Project("{FAE04EC0-301F-11D3-BF4B-00C04F79EFBC}") = "020_ActDataGrid_C", "020_ActDataGrid_C\020_ActDataGrid_C.csproj", "{C00FB002-EC89-49C7-BEE7-A0C023746CE2}"
EndProject
Global
	GlobalSection(SolutionConfigurationPlatforms) = preSolution
		Debug|Any CPU = Debug|Any CPU
		Release|Any CPU = Release|Any CPU
	EndGlobalSection
	GlobalSection(ProjectConfigurationPlatforms) = postSolution
		{C00FB002-EC89-49C7-BEE7-A0C023746CE2}.Debug|Any CPU.ActiveCfg = Debug|Any CPU
		{C00FB002-EC89-49C7-BEE7-A0C023746CE2}.Debug|Any CPU.Build.0 = Debug|Any CPU
		{C00FB002-EC89-49C7-BEE7-A0C023746CE2}.Release|Any CPU.ActiveCfg = Release|Any CPU
		{C00FB002-EC89-49C7-BEE7-A0C023746CE2}.Release|Any CPU.Build.0 = Release|Any CPU
	EndGlobalSection
	GlobalSection(SolutionProperties) = preSolution
		HideSolutionNode = FALSE
	EndGlobalSection
	GlobalSection(ExtensibilityGlobals) = postSolution
		SolutionGuid = {B0285CE5-0D62-442F-86EC-59A9B2DB49D2}
	EndGlobalSection
EndGlobal
